
Microsoft Visual Studio Solution File, Format Version 12.00
# Visual Studio Version 17
VisualStudioVersion = 17.3.32922.545
MinimumVisualStudioVersion = 10.0.40219.1
Project("{8BC9CEB8-8B4A-11D0-8D11-00A0C91BC942}") = "ZUOYE_02", "ZUOYE_02\ZUOYE_02.vcxproj", "{635EBB86-D0ED-4CDF-B4B2-CA8B6F395629}"
EndProject
Global
	GlobalSection(SolutionConfigurationPlatforms) = preSolution
		Debug|x64 = Debug|x64
		Debug|x86 = Debug|x86
		Release|x64 = Release|x64
		Release|x86 = Release|x86
	EndGlobalSection
	GlobalSection(ProjectConfigurationPlatforms) = postSolution
		{635EBB86-D0ED-4CDF-B4B2-CA8B6F395629}.Debug|x64.ActiveCfg = Debug|x64
		{635EBB86-D0ED-4CDF-B4B2-CA8B6F395629}.Debug|x64.Build.0 = Debug|x64
		{635EBB86-D0ED-4CDF-B4B2-CA8B6F395629}.Debug|x86.ActiveCfg = Debug|Win32
		{635EBB86-D0ED-4CDF-B4B2-CA8B6F395629}.Debug|x86.Build.0 = Debug|Win32
		{635EBB86-D0ED-4CDF-B4B2-CA8B6F395629}.Release|x64.ActiveCfg = Release|x64
		{635EBB86-D0ED-4CDF-B4B2-CA8B6F395629}.Release|x64.Build.0 = Release|x64
		{635EBB86-D0ED-4CDF-B4B2-CA8B6F395629}.Release|x86.ActiveCfg = Release|Win32
		{635EBB86-D0ED-4CDF-B4B2-CA8B6F395629}.Release|x86.Build.0 = Release|Win32
	EndGlobalSection
	GlobalSection(SolutionProperties) = preSolution
		HideSolutionNode = FALSE
	EndGlobalSection
	GlobalSection(ExtensibilityGlobals) = postSolution
		SolutionGuid = {B70562BF-B4FC-4068-A889-9F0D77503FE6}
	EndGlobalSection
EndGlobal
