
Microsoft Visual Studio Solution File, Format Version 12.00
# Visual Studio Version 17
VisualStudioVersion = 17.3.32922.545
MinimumVisualStudioVersion = 10.0.40219.1
Project("{8BC9CEB8-8B4A-11D0-8D11-00A0C91BC942}") = "Project_01", "Project_01\Project_01.vcxproj", "{3BDB9E24-EB37-43A6-8C87-294ABD3EBB28}"
EndProject
Global
	GlobalSection(SolutionConfigurationPlatforms) = preSolution
		Debug|x64 = Debug|x64
		Debug|x86 = Debug|x86
		Release|x64 = Release|x64
		Release|x86 = Release|x86
	EndGlobalSection
	GlobalSection(ProjectConfigurationPlatforms) = postSolution
		{3BDB9E24-EB37-43A6-8C87-294ABD3EBB28}.Debug|x64.ActiveCfg = Debug|x64
		{3BDB9E24-EB37-43A6-8C87-294ABD3EBB28}.Debug|x64.Build.0 = Debug|x64
		{3BDB9E24-EB37-43A6-8C87-294ABD3EBB28}.Debug|x86.ActiveCfg = Debug|Win32
		{3BDB9E24-EB37-43A6-8C87-294ABD3EBB28}.Debug|x86.Build.0 = Debug|Win32
		{3BDB9E24-EB37-43A6-8C87-294ABD3EBB28}.Release|x64.ActiveCfg = Release|x64
		{3BDB9E24-EB37-43A6-8C87-294ABD3EBB28}.Release|x64.Build.0 = Release|x64
		{3BDB9E24-EB37-43A6-8C87-294ABD3EBB28}.Release|x86.ActiveCfg = Release|Win32
		{3BDB9E24-EB37-43A6-8C87-294ABD3EBB28}.Release|x86.Build.0 = Release|Win32
	EndGlobalSection
	GlobalSection(SolutionProperties) = preSolution
		HideSolutionNode = FALSE
	EndGlobalSection
	GlobalSection(ExtensibilityGlobals) = postSolution
		SolutionGuid = {7EC3E649-CDB5-4226-9E80-728C9BB09B23}
	EndGlobalSection
EndGlobal
